// !$*UTF8*$!
{
	archiveVersion = 1;
	classes = {
	};
	objectVersion = 46;
	objects = {

/* Begin PBXBuildFile section */
		07D490571E49A4D80034D00B /* AppDelegate.swift in Sources */ = {isa = PBXBuildFile; fileRef = 07D490561E49A4D80034D00B /* AppDelegate.swift */; };
		07D490591E49A4D80034D00B /* ViewController.swift in Sources */ = {isa = PBXBuildFile; fileRef = 07D490581E49A4D80034D00B /* ViewController.swift */; };
		07D4905C1E49A4D80034D00B /* Main.storyboard in Resources */ = {isa = PBXBuildFile; fileRef = 07D4905A1E49A4D80034D00B /* Main.storyboard */; };
		07D4905E1E49A4D80034D00B /* Assets.xcassets in Resources */ = {isa = PBXBuildFile; fileRef = 07D4905D1E49A4D80034D00B /* Assets.xcassets */; };
		07D490611E49A4D80034D00B /* LaunchScreen.storyboard in Resources */ = {isa = PBXBuildFile; fileRef = 07D4905F1E49A4D80034D00B /* LaunchScreen.storyboard */; };
		07D490691E49A5110034D00B /* InstagramLoginVC.swift in Sources */ = {isa = PBXBuildFile; fileRef = 07D490681E49A5110034D00B /* InstagramLoginVC.swift */; };
		07D4906B1E49A6320034D00B /* Constant.swift in Sources */ = {isa = PBXBuildFile; fileRef = 07D4906A1E49A6320034D00B /* Constant.swift */; };
		B10F18F8BF1ED621C8B9B891 /* Pods_InstagramLogin_Swift.framework in Frameworks */ = {isa = PBXBuildFile; fileRef = 5BA56915B4D3616E1A611688 /* Pods_InstagramLogin_Swift.framework */; };
		E00F60341F3DBA8D0015B7D6 /* InitialViewController.swift in Sources */ = {isa = PBXBuildFile; fileRef = E00F60331F3DBA8D0015B7D6 /* InitialViewController.swift */; };
		E0AFCB4E1F4BE9160029A70D /* GetCoins.swift in Sources */ = {isa = PBXBuildFile; fileRef = E0AFCB4D1F4BE9160029A70D /* GetCoins.swift */; };
		E0AFCB501F4C305C0029A70D /* buyFromStore.swift in Sources */ = {isa = PBXBuildFile; fileRef = E0AFCB4F1F4C305C0029A70D /* buyFromStore.swift */; };
		E0C1C59C1F4EAC760024B414 /* PopUpPost.swift in Sources */ = {isa = PBXBuildFile; fileRef = E0C1C59B1F4EAC760024B414 /* PopUpPost.swift */; };
		E0E232491F4AE064006B486E /* GetFollowers.swift in Sources */ = {isa = PBXBuildFile; fileRef = E0E232481F4AE064006B486E /* GetFollowers.swift */; };
/* End PBXBuildFile section */

/* Begin PBXFileReference section */
		07D490531E49A4D80034D00B /* InstagramLogin-Swift.app */ = {isa = PBXFileReference; explicitFileType = wrapper.application; includeInIndex = 0; path = "InstagramLogin-Swift.app"; sourceTree = BUILT_PRODUCTS_DIR; };
		07D490561E49A4D80034D00B /* AppDelegate.swift */ = {isa = PBXFileReference; lastKnownFileType = sourcecode.swift; path = AppDelegate.swift; sourceTree = "<group>"; };
		07D490581E49A4D80034D00B /* ViewController.swift */ = {isa = PBXFileReference; lastKnownFileType = sourcecode.swift; path = ViewController.swift; sourceTree = "<group>"; };
		07D4905B1E49A4D80034D00B /* Base */ = {isa = PBXFileReference; lastKnownFileType = file.storyboard; name = Base; path = Base.lproj/Main.storyboard; sourceTree = "<group>"; };
		07D4905D1E49A4D80034D00B /* Assets.xcassets */ = {isa = PBXFileReference; lastKnownFileType = folder.assetcatalog; path = Assets.xcassets; sourceTree = "<group>"; };
		07D490601E49A4D80034D00B /* Base */ = {isa = PBXFileReference; lastKnownFileType = file.storyboard; name = Base; path = Base.lproj/LaunchScreen.storyboard; sourceTree = "<group>"; };
		07D490621E49A4D80034D00B /* Info.plist */ = {isa = PBXFileReference; lastKnownFileType = text.plist.xml; path = Info.plist; sourceTree = "<group>"; };
		07D490681E49A5110034D00B /* InstagramLoginVC.swift */ = {isa = PBXFileReference; fileEncoding = 4; lastKnownFileType = sourcecode.swift; path = InstagramLoginVC.swift; sourceTree = "<group>"; };
		07D4906A1E49A6320034D00B /* Constant.swift */ = {isa = PBXFileReference; fileEncoding = 4; lastKnownFileType = sourcecode.swift; path = Constant.swift; sourceTree = "<group>"; };
		5BA56915B4D3616E1A611688 /* Pods_InstagramLogin_Swift.framework */ = {isa = PBXFileReference; explicitFileType = wrapper.framework; includeInIndex = 0; path = Pods_InstagramLogin_Swift.framework; sourceTree = BUILT_PRODUCTS_DIR; };
		A21B94C43DF4D79F60B8B023 /* Pods-InstagramLogin-Swift.debug.xcconfig */ = {isa = PBXFileReference; includeInIndex = 1; lastKnownFileType = text.xcconfig; name = "Pods-InstagramLogin-Swift.debug.xcconfig"; path = "Pods/Target Support Files/Pods-InstagramLogin-Swift/Pods-InstagramLogin-Swift.debug.xcconfig"; sourceTree = "<group>"; };
		E00F60331F3DBA8D0015B7D6 /* InitialViewController.swift */ = {isa = PBXFileReference; fileEncoding = 4; lastKnownFileType = sourcecode.swift; path = InitialViewController.swift; sourceTree = "<group>"; };
		E0AFCB4D1F4BE9160029A70D /* GetCoins.swift */ = {isa = PBXFileReference; fileEncoding = 4; lastKnownFileType = sourcecode.swift; path = GetCoins.swift; sourceTree = "<group>"; };
		E0AFCB4F1F4C305C0029A70D /* buyFromStore.swift */ = {isa = PBXFileReference; fileEncoding = 4; lastKnownFileType = sourcecode.swift; path = buyFromStore.swift; sourceTree = "<group>"; };
		E0C1C59B1F4EAC760024B414 /* PopUpPost.swift */ = {isa = PBXFileReference; fileEncoding = 4; lastKnownFileType = sourcecode.swift; path = PopUpPost.swift; sourceTree = "<group>"; };
		E0E232481F4AE064006B486E /* GetFollowers.swift */ = {isa = PBXFileReference; fileEncoding = 4; lastKnownFileType = sourcecode.swift; path = GetFollowers.swift; sourceTree = "<group>"; };
		E66842210A7F37362119AF29 /* Pods-InstagramLogin-Swift.release.xcconfig */ = {isa = PBXFileReference; includeInIndex = 1; lastKnownFileType = text.xcconfig; name = "Pods-InstagramLogin-Swift.release.xcconfig"; path = "Pods/Target Support Files/Pods-InstagramLogin-Swift/Pods-InstagramLogin-Swift.release.xcconfig"; sourceTree = "<group>"; };
/* End PBXFileReference section */

/* Begin PBXFrameworksBuildPhase section */
		07D490501E49A4D80034D00B /* Frameworks */ = {
			isa = PBXFrameworksBuildPhase;
			buildActionMask = 2147483647;
			files = (
				B10F18F8BF1ED621C8B9B891 /* Pods_InstagramLogin_Swift.framework in Frameworks */,
			);
			runOnlyForDeploymentPostprocessing = 0;
		};
/* End PBXFrameworksBuildPhase section */

/* Begin PBXGroup section */
		07D4904A1E49A4D80034D00B = {
			isa = PBXGroup;
			children = (
				07D490551E49A4D80034D00B /* InstagramLogin-Swift */,
				07D490541E49A4D80034D00B /* Products */,
				ABE19E6A6B7FBB365B6173AF /* Pods */,
				B8168EF078B77EBD444D531E /* Frameworks */,
			);
			sourceTree = "<group>";
		};
		07D490541E49A4D80034D00B /* Products */ = {
			isa = PBXGroup;
			children = (
				07D490531E49A4D80034D00B /* InstagramLogin-Swift.app */,
			);
			name = Products;
			sourceTree = "<group>";
		};
		07D490551E49A4D80034D00B /* InstagramLogin-Swift */ = {
			isa = PBXGroup;
			children = (
				07D490561E49A4D80034D00B /* AppDelegate.swift */,
				07D4906A1E49A6320034D00B /* Constant.swift */,
				E00F60331F3DBA8D0015B7D6 /* InitialViewController.swift */,
				07D490681E49A5110034D00B /* InstagramLoginVC.swift */,
				07D490581E49A4D80034D00B /* ViewController.swift */,
				E0C1C59B1F4EAC760024B414 /* PopUpPost.swift */,
				E0E232481F4AE064006B486E /* GetFollowers.swift */,
				E0AFCB4D1F4BE9160029A70D /* GetCoins.swift */,
				E0AFCB4F1F4C305C0029A70D /* buyFromStore.swift */,
				07D4905A1E49A4D80034D00B /* Main.storyboard */,
				07D4905D1E49A4D80034D00B /* Assets.xcassets */,
				07D4905F1E49A4D80034D00B /* LaunchScreen.storyboard */,
				07D490621E49A4D80034D00B /* Info.plist */,
			);
			path = "InstagramLogin-Swift";
			sourceTree = "<group>";
		};
		ABE19E6A6B7FBB365B6173AF /* Pods */ = {
			isa = PBXGroup;
			children = (
				A21B94C43DF4D79F60B8B023 /* Pods-InstagramLogin-Swift.debug.xcconfig */,
				E66842210A7F37362119AF29 /* Pods-InstagramLogin-Swift.release.xcconfig */,
			);
			name = Pods;
			sourceTree = "<group>";
		};
		B8168EF078B77EBD444D531E /* Frameworks */ = {
			isa = PBXGroup;
			children = (
				5BA56915B4D3616E1A611688 /* Pods_InstagramLogin_Swift.framework */,
			);
			name = Frameworks;
			sourceTree = "<group>";
		};
/* End PBXGroup section */

/* Begin PBXNativeTarget section */
		07D490521E49A4D80034D00B /* InstagramLogin-Swift */ = {
			isa = PBXNativeTarget;
			buildConfigurationList = 07D490651E49A4D80034D00B /* Build configuration list for PBXNativeTarget "InstagramLogin-Swift" */;
			buildPhases = (
				155A11512C76EF408D6947C5 /* [CP] Check Pods Manifest.lock */,
				07D4904F1E49A4D80034D00B /* Sources */,
				07D490501E49A4D80034D00B /* Frameworks */,
				07D490511E49A4D80034D00B /* Resources */,
				7176847F958D48589B692EA5 /* [CP] Embed Pods Frameworks */,
				800361DDB1A7287A33F5A5A7 /* [CP] Copy Pods Resources */,
			);
			buildRules = (
			);
			dependencies = (
			);
			name = "InstagramLogin-Swift";
			productName = "InstagramLogin-Swift";
			productReference = 07D490531E49A4D80034D00B /* InstagramLogin-Swift.app */;
			productType = "com.apple.product-type.application";
		};
/* End PBXNativeTarget section */

/* Begin PBXProject section */
		07D4904B1E49A4D80034D00B /* Project object */ = {
			isa = PBXProject;
			attributes = {
				LastSwiftUpdateCheck = 0820;
				LastUpgradeCheck = 0820;
				ORGANIZATIONNAME = ClickApps;
				TargetAttributes = {
					07D490521E49A4D80034D00B = {
						CreatedOnToolsVersion = 8.2.1;
						DevelopmentTeam = E9G5V6T252;
						ProvisioningStyle = Automatic;
					};
				};
			};
			buildConfigurationList = 07D4904E1E49A4D80034D00B /* Build configuration list for PBXProject "InstagramLogin-Swift" */;
			compatibilityVersion = "Xcode 3.2";
			developmentRegion = English;
			hasScannedForEncodings = 0;
			knownRegions = (
				en,
				Base,
			);
			mainGroup = 07D4904A1E49A4D80034D00B;
			productRefGroup = 07D490541E49A4D80034D00B /* Products */;
			projectDirPath = "";
			projectRoot = "";
			targets = (
				07D490521E49A4D80034D00B /* InstagramLogin-Swift */,
			);
		};
/* End PBXProject section */

/* Begin PBXResourcesBuildPhase section */
		07D490511E49A4D80034D00B /* Resources */ = {
			isa = PBXResourcesBuildPhase;
			buildActionMask = 2147483647;
			files = (
				07D490611E49A4D80034D00B /* LaunchScreen.storyboard in Resources */,
				07D4905E1E49A4D80034D00B /* Assets.xcassets in Resources */,
				07D4905C1E49A4D80034D00B /* Main.storyboard in Resources */,
			);
			runOnlyForDeploymentPostprocessing = 0;
		};
/* End PBXResourcesBuildPhase section */

/* Begin PBXShellScriptBuildPhase section */
		155A11512C76EF408D6947C5 /* [CP] Check Pods Manifest.lock */ = {
			isa = PBXShellScriptBuildPhase;
			buildActionMask = 2147483647;
			files = (
			);
			inputPaths = (
			);
			name = "[CP] Check Pods Manifest.lock";
			outputPaths = (
			);
			runOnlyForDeploymentPostprocessing = 0;
			shellPath = /bin/sh;
			shellScript = "diff \"${PODS_PODFILE_DIR_PATH}/Podfile.lock\" \"${PODS_ROOT}/Manifest.lock\" > /dev/null\nif [ $? != 0 ] ; then\n    # print error to STDERR\n    echo \"error: The sandbox is not in sync with the Podfile.lock. Run 'pod install' or update your CocoaPods installation.\" >&2\n    exit 1\nfi\n";
			showEnvVarsInLog = 0;
		};
		7176847F958D48589B692EA5 /* [CP] Embed Pods Frameworks */ = {
			isa = PBXShellScriptBuildPhase;
			buildActionMask = 2147483647;
			files = (
			);
			inputPaths = (
			);
			name = "[CP] Embed Pods Frameworks";
			outputPaths = (
			);
			runOnlyForDeploymentPostprocessing = 0;
			shellPath = /bin/sh;
			shellScript = "\"${SRCROOT}/Pods/Target Support Files/Pods-InstagramLogin-Swift/Pods-InstagramLogin-Swift-frameworks.sh\"\n";
			showEnvVarsInLog = 0;
		};
		800361DDB1A7287A33F5A5A7 /* [CP] Copy Pods Resources */ = {
			isa = PBXShellScriptBuildPhase;
			buildActionMask = 2147483647;
			files = (
			);
			inputPaths = (
			);
			name = "[CP] Copy Pods Resources";
			outputPaths = (
			);
			runOnlyForDeploymentPostprocessing = 0;
			shellPath = /bin/sh;
			shellScript = "\"${SRCROOT}/Pods/Target Support Files/Pods-InstagramLogin-Swift/Pods-InstagramLogin-Swift-resources.sh\"\n";
			showEnvVarsInLog = 0;
		};
/* End PBXShellScriptBuildPhase section */

/* Begin PBXSourcesBuildPhase section */
		07D4904F1E49A4D80034D00B /* Sources */ = {
			isa = PBXSourcesBuildPhase;
			buildActionMask = 2147483647;
			files = (
				E00F60341F3DBA8D0015B7D6 /* InitialViewController.swift in Sources */,
				07D490591E49A4D80034D00B /* ViewController.swift in Sources */,
				07D490571E49A4D80034D00B /* AppDelegate.swift in Sources */,
				07D490691E49A5110034D00B /* InstagramLoginVC.swift in Sources */,
				E0AFCB4E1F4BE9160029A70D /* GetCoins.swift in Sources */,
				E0C1C59C1F4EAC760024B414 /* PopUpPost.swift in Sources */,
				E0E232491F4AE064006B486E /* GetFollowers.swift in Sources */,
				E0AFCB501F4C305C0029A70D /* buyFromStore.swift in Sources */,
				07D4906B1E49A6320034D00B /* Constant.swift in Sources */,
			);
			runOnlyForDeploymentPostprocessing = 0;
		};
/* End PBXSourcesBuildPhase section */

/* Begin PBXVariantGroup section */
		07D4905A1E49A4D80034D00B /* Main.storyboard */ = {
			isa = PBXVariantGroup;
			children = (
				07D4905B1E49A4D80034D00B /* Base */,
			);
			name = Main.storyboard;
			sourceTree = "<group>";
		};
		07D4905F1E49A4D80034D00B /* LaunchScreen.storyboard */ = {
			isa = PBXVariantGroup;
			children = (
				07D490601E49A4D80034D00B /* Base */,
			);
			name = LaunchScreen.storyboard;
			sourceTree = "<group>";
		};
/* End PBXVariantGroup section */

/* Begin XCBuildConfiguration section */
		07D490631E49A4D80034D00B /* Debug */ = {
			isa = XCBuildConfiguration;
			buildSettings = {
				ALWAYS_SEARCH_USER_PATHS = NO;
				CLANG_ANALYZER_NONNULL = YES;
				CLANG_CXX_LANGUAGE_STANDARD = "gnu++0x";
				CLANG_CXX_LIBRARY = "libc++";
				CLANG_ENABLE_MODULES = YES;
				CLANG_ENABLE_OBJC_ARC = YES;
				CLANG_WARN_BOOL_CONVERSION = YES;
				CLANG_WARN_CONSTANT_CONVERSION = YES;
				CLANG_WARN_DIRECT_OBJC_ISA_USAGE = YES_ERROR;
				CLANG_WARN_DOCUMENTATION_COMMENTS = YES;
				CLANG_WARN_EMPTY_BODY = YES;
				CLANG_WARN_ENUM_CONVERSION = YES;
				CLANG_WARN_INFINITE_RECURSION = YES;
				CLANG_WARN_INT_CONVERSION = YES;
				CLANG_WARN_OBJC_ROOT_CLASS = YES_ERROR;
				CLANG_WARN_SUSPICIOUS_MOVE = YES;
				CLANG_WARN_UNREACHABLE_CODE = YES;
				CLANG_WARN__DUPLICATE_METHOD_MATCH = YES;
				"CODE_SIGN_IDENTITY[sdk=iphoneos*]" = "iPhone Developer";
				COPY_PHASE_STRIP = NO;
				DEBUG_INFORMATION_FORMAT = dwarf;
				ENABLE_STRICT_OBJC_MSGSEND = YES;
				ENABLE_TESTABILITY = YES;
				GCC_C_LANGUAGE_STANDARD = gnu99;
				GCC_DYNAMIC_NO_PIC = NO;
				GCC_NO_COMMON_BLOCKS = YES;
				GCC_OPTIMIZATION_LEVEL = 0;
				GCC_PREPROCESSOR_DEFINITIONS = (
					"DEBUG=1",
					"$(inherited)",
				);
				GCC_WARN_64_TO_32_BIT_CONVERSION = YES;
				GCC_WARN_ABOUT_RETURN_TYPE = YES_ERROR;
				GCC_WARN_UNDECLARED_SELECTOR = YES;
				GCC_WARN_UNINITIALIZED_AUTOS = YES_AGGRESSIVE;
				GCC_WARN_UNUSED_FUNCTION = YES;
				GCC_WARN_UNUSED_VARIABLE = YES;
				IPHONEOS_DEPLOYMENT_TARGET = 10.0;
				MTL_ENABLE_DEBUG_INFO = YES;
				ONLY_ACTIVE_ARCH = YES;
				SDKROOT = iphoneos;
				SWIFT_ACTIVE_COMPILATION_CONDITIONS = DEBUG;
				SWIFT_OPTIMIZATION_LEVEL = "-Onone";
			};
			name = Debug;
		};
		07D490641E49A4D80034D00B /* Release */ = {
			isa = XCBuildConfiguration;
			buildSettings = {
				ALWAYS_SEARCH_USER_PATHS = NO;
				CLANG_ANALYZER_NONNULL = YES;
				CLANG_CXX_LANGUAGE_STANDARD = "gnu++0x";
				CLANG_CXX_LIBRARY = "libc++";
				CLANG_ENABLE_MODULES = YES;
				CLANG_ENABLE_OBJC_ARC = YES;
				CLANG_WARN_BOOL_CONVERSION = YES;
				CLANG_WARN_CONSTANT_CONVERSION = YES;
				CLANG_WARN_DIRECT_OBJC_ISA_USAGE = YES_ERROR;
				CLANG_WARN_DOCUMENTATION_COMMENTS = YES;
				CLANG_WARN_EMPTY_BODY = YES;
				CLANG_WARN_ENUM_CONVERSION = YES;
				CLANG_WARN_INFINITE_RECURSION = YES;
				CLANG_WARN_INT_CONVERSION = YES;
				CLANG_WARN_OBJC_ROOT_CLASS = YES_ERROR;
				CLANG_WARN_SUSPICIOUS_MOVE = YES;
				CLANG_WARN_UNREACHABLE_CODE = YES;
				CLANG_WARN__DUPLICATE_METHOD_MATCH = YES;
				"CODE_SIGN_IDENTITY[sdk=iphoneos*]" = "iPhone Developer";
				COPY_PHASE_STRIP = NO;
				DEBUG_INFORMATION_FORMAT = "dwarf-with-dsym";
				ENABLE_NS_ASSERTIONS = NO;
				ENABLE_STRICT_OBJC_MSGSEND = YES;
				GCC_C_LANGUAGE_STANDARD = gnu99;
				GCC_NO_COMMON_BLOCKS = YES;
				GCC_WARN_64_TO_32_BIT_CONVERSION = YES;
				GCC_WARN_ABOUT_RETURN_TYPE = YES_ERROR;
				GCC_WARN_UNDECLARED_SELECTOR = YES;
				GCC_WARN_UNINITIALIZED_AUTOS = YES_AGGRESSIVE;
				GCC_WARN_UNUSED_FUNCTION = YES;
				GCC_WARN_UNUSED_VARIABLE = YES;
				IPHONEOS_DEPLOYMENT_TARGET = 10.0;
				MTL_ENABLE_DEBUG_INFO = NO;
				SDKROOT = iphoneos;
				SWIFT_OPTIMIZATION_LEVEL = "-Owholemodule";
				VALIDATE_PRODUCT = YES;
			};
			name = Release;
		};
		07D490661E49A4D80034D00B /* Debug */ = {
			isa = XCBuildConfiguration;
			baseConfigurationReference = A21B94C43DF4D79F60B8B023 /* Pods-InstagramLogin-Swift.debug.xcconfig */;
			buildSettings = {
				ASSETCATALOG_COMPILER_APPICON_NAME = AppIcon;
				"CODE_SIGN_IDENTITY[sdk=iphoneos*]" = "iPhone Developer";
				DEVELOPMENT_TEAM = E9G5V6T252;
				INFOPLIST_FILE = "InstagramLogin-Swift/Info.plist";
				IPHONEOS_DEPLOYMENT_TARGET = 10.0;
				LD_RUNPATH_SEARCH_PATHS = "$(inherited) @executable_path/Frameworks";
				PRODUCT_BUNDLE_IDENTIFIER = com.InstagramSwift;
				PRODUCT_NAME = "$(TARGET_NAME)";
				SWIFT_VERSION = 3.0;
			};
			name = Debug;
		};
		07D490671E49A4D80034D00B /* Release */ = {
			isa = XCBuildConfiguration;
			baseConfigurationReference = E66842210A7F37362119AF29 /* Pods-InstagramLogin-Swift.release.xcconfig */;
			buildSettings = {
				ASSETCATALOG_COMPILER_APPICON_NAME = AppIcon;
				"CODE_SIGN_IDENTITY[sdk=iphoneos*]" = "iPhone Developer";
				DEVELOPMENT_TEAM = E9G5V6T252;
				INFOPLIST_FILE = "InstagramLogin-Swift/Info.plist";
				IPHONEOS_DEPLOYMENT_TARGET = 10.0;
				LD_RUNPATH_SEARCH_PATHS = "$(inherited) @executable_path/Frameworks";
				PRODUCT_BUNDLE_IDENTIFIER = com.InstagramSwift;
				PRODUCT_NAME = "$(TARGET_NAME)";
				SWIFT_VERSION = 3.0;
			};
			name = Release;
		};
/* End XCBuildConfiguration section */

/* Begin XCConfigurationList section */
		07D4904E1E49A4D80034D00B /* Build configuration list for PBXProject "InstagramLogin-Swift" */ = {
			isa = XCConfigurationList;
			buildConfigurations = (
				07D490631E49A4D80034D00B /* Debug */,
				07D490641E49A4D80034D00B /* Release */,
			);
			defaultConfigurationIsVisible = 0;
			defaultConfigurationName = Release;
		};
		07D490651E49A4D80034D00B /* Build configuration list for PBXNativeTarget "InstagramLogin-Swift" */ = {
			isa = XCConfigurationList;
			buildConfigurations = (
				07D490661E49A4D80034D00B /* Debug */,
				07D490671E49A4D80034D00B /* Release */,
			);
			defaultConfigurationIsVisible = 0;
			defaultConfigurationName = Release;
		};
/* End XCConfigurationList section */
	};
	rootObject = 07D4904B1E49A4D80034D00B /* Project object */;
}
